// !$*UTF8*$!
{
	archiveVersion = 1;
	classes = {
	};
	objectVersion = 46;
	objects = {

/* Begin PBXBuildFile section */
		EA21ED3C1E38A2E400A98F70 /* AppDelegate.swift in Sources */ = {isa = PBXBuildFile; fileRef = EA21ED3B1E38A2E400A98F70 /* AppDelegate.swift */; };
		EA21ED3E1E38A2E400A98F70 /* ViewController.swift in Sources */ = {isa = PBXBuildFile; fileRef = EA21ED3D1E38A2E400A98F70 /* ViewController.swift */; };
		EA21ED411E38A2E400A98F70 /* Main.storyboard in Resources */ = {isa = PBXBuildFile; fileRef = EA21ED3F1E38A2E400A98F70 /* Main.storyboard */; };
		EA21ED441E38A2E400A98F70 /* ListYourDreams.xcdatamodeld in Sources */ = {isa = PBXBuildFile; fileRef = EA21ED421E38A2E400A98F70 /* ListYourDreams.xcdatamodeld */; };
		EA21ED461E38A2E400A98F70 /* Assets.xcassets in Resources */ = {isa = PBXBuildFile; fileRef = EA21ED451E38A2E400A98F70 /* Assets.xcassets */; };
		EA21ED491E38A2E400A98F70 /* LaunchScreen.storyboard in Resources */ = {isa = PBXBuildFile; fileRef = EA21ED471E38A2E400A98F70 /* LaunchScreen.storyboard */; };
/* End PBXBuildFile section */

/* Begin PBXFileReference section */
		EA21ED381E38A2E400A98F70 /* ListYourDreams.app */ = {isa = PBXFileReference; explicitFileType = wrapper.application; includeInIndex = 0; path = ListYourDreams.app; sourceTree = BUILT_PRODUCTS_DIR; };
		EA21ED3B1E38A2E400A98F70 /* AppDelegate.swift */ = {isa = PBXFileReference; lastKnownFileType = sourcecode.swift; path = AppDelegate.swift; sourceTree = "<group>"; };
		EA21ED3D1E38A2E400A98F70 /* ViewController.swift */ = {isa = PBXFileReference; lastKnownFileType = sourcecode.swift; path = ViewController.swift; sourceTree = "<group>"; };
		EA21ED401E38A2E400A98F70 /* Base */ = {isa = PBXFileReference; lastKnownFileType = file.storyboard; name = Base; path = Base.lproj/Main.storyboard; sourceTree = "<group>"; };
		EA21ED431E38A2E400A98F70 /* ListYourDreams.xcdatamodel */ = {isa = PBXFileReference; lastKnownFileType = wrapper.xcdatamodel; path = ListYourDreams.xcdatamodel; sourceTree = "<group>"; };
		EA21ED451E38A2E400A98F70 /* Assets.xcassets */ = {isa = PBXFileReference; lastKnownFileType = folder.assetcatalog; path = Assets.xcassets; sourceTree = "<group>"; };
		EA21ED481E38A2E400A98F70 /* Base */ = {isa = PBXFileReference; lastKnownFileType = file.storyboard; name = Base; path = Base.lproj/LaunchScreen.storyboard; sourceTree = "<group>"; };
		EA21ED4A1E38A2E400A98F70 /* Info.plist */ = {isa = PBXFileReference; lastKnownFileType = text.plist.xml; path = Info.plist; sourceTree = "<group>"; };
/* End PBXFileReference section */

/* Begin PBXFrameworksBuildPhase section */
		EA21ED351E38A2E400A98F70 /* Frameworks */ = {
			isa = PBXFrameworksBuildPhase;
			buildActionMask = 2147483647;
			files = (
			);
			runOnlyForDeploymentPostprocessing = 0;
		};
/* End PBXFrameworksBuildPhase section */

/* Begin PBXGroup section */
		EA21ED2F1E38A2E300A98F70 = {
			isa = PBXGroup;
			children = (
				EA21ED3A1E38A2E400A98F70 /* ListYourDreams */,
				EA21ED391E38A2E400A98F70 /* Products */,
			);
			sourceTree = "<group>";
		};
		EA21ED391E38A2E400A98F70 /* Products */ = {
			isa = PBXGroup;
			children = (
				EA21ED381E38A2E400A98F70 /* ListYourDreams.app */,
			);
			name = Products;
			sourceTree = "<group>";
		};
		EA21ED3A1E38A2E400A98F70 /* ListYourDreams */ = {
			isa = PBXGroup;
			children = (
				EA21ED3B1E38A2E400A98F70 /* AppDelegate.swift */,
				EA21ED3D1E38A2E400A98F70 /* ViewController.swift */,
				EA21ED3F1E38A2E400A98F70 /* Main.storyboard */,
				EA21ED451E38A2E400A98F70 /* Assets.xcassets */,
				EA21ED471E38A2E400A98F70 /* LaunchScreen.storyboard */,
				EA21ED4A1E38A2E400A98F70 /* Info.plist */,
				EA21ED421E38A2E400A98F70 /* ListYourDreams.xcdatamodeld */,
			);
			path = ListYourDreams;
			sourceTree = "<group>";
		};
/* End PBXGroup section */

/* Begin PBXNativeTarget section */
		EA21ED371E38A2E400A98F70 /* ListYourDreams */ = {
			isa = PBXNativeTarget;
			buildConfigurationList = EA21ED4D1E38A2E400A98F70 /* Build configuration list for PBXNativeTarget "ListYourDreams" */;
			buildPhases = (
				EA21ED341E38A2E400A98F70 /* Sources */,
				EA21ED351E38A2E400A98F70 /* Frameworks */,
				EA21ED361E38A2E400A98F70 /* Resources */,
			);
			buildRules = (
			);
			dependencies = (
			);
			name = ListYourDreams;
			productName = ListYourDreams;
			productReference = EA21ED381E38A2E400A98F70 /* ListYourDreams.app */;
			productType = "com.apple.product-type.application";
		};
/* End PBXNativeTarget section */

/* Begin PBXProject section */
		EA21ED301E38A2E300A98F70 /* Project object */ = {
			isa = PBXProject;
			attributes = {
				LastSwiftUpdateCheck = 0820;
				LastUpgradeCheck = 0820;
				ORGANIZATIONNAME = "Maciej Marut";
				TargetAttributes = {
					EA21ED371E38A2E400A98F70 = {
						CreatedOnToolsVersion = 8.2.1;
						DevelopmentTeam = 4BVAVX4E5Z;
						ProvisioningStyle = Automatic;
					};
				};
			};
			buildConfigurationList = EA21ED331E38A2E300A98F70 /* Build configuration list for PBXProject "ListYourDreams" */;
			compatibilityVersion = "Xcode 3.2";
			developmentRegion = English;
			hasScannedForEncodings = 0;
			knownRegions = (
				en,
				Base,
			);
			mainGroup = EA21ED2F1E38A2E300A98F70;
			productRefGroup = EA21ED391E38A2E400A98F70 /* Products */;
			projectDirPath = "";
			projectRoot = "";
			targets = (
				EA21ED371E38A2E400A98F70 /* ListYourDreams */,
			);
		};
/* End PBXProject section */

/* Begin PBXResourcesBuildPhase section */
		EA21ED361E38A2E400A98F70 /* Resources */ = {
			isa = PBXResourcesBuildPhase;
			buildActionMask = 2147483647;
			files = (
				EA21ED491E38A2E400A98F70 /* LaunchScreen.storyboard in Resources */,
				EA21ED461E38A2E400A98F70 /* Assets.xcassets in Resources */,
				EA21ED411E38A2E400A98F70 /* Main.storyboard in Resources */,
			);
			runOnlyForDeploymentPostprocessing = 0;
		};
/* End PBXResourcesBuildPhase section */

/* Begin PBXSourcesBuildPhase section */
		EA21ED341E38A2E400A98F70 /* Sources */ = {
			isa = PBXSourcesBuildPhase;
			buildActionMask = 2147483647;
			files = (
				EA21ED3E1E38A2E400A98F70 /* ViewController.swift in Sources */,
				EA21ED441E38A2E400A98F70 /* ListYourDreams.xcdatamodeld in Sources */,
				EA21ED3C1E38A2E400A98F70 /* AppDelegate.swift in Sources */,
			);
			runOnlyForDeploymentPostprocessing = 0;
		};
/* End PBXSourcesBuildPhase section */

/* Begin PBXVariantGroup section */
		EA21ED3F1E38A2E400A98F70 /* Main.storyboard */ = {
			isa = PBXVariantGroup;
			children = (
				EA21ED401E38A2E400A98F70 /* Base */,
			);
			name = Main.storyboard;
			sourceTree = "<group>";
		};
		EA21ED471E38A2E400A98F70 /* LaunchScreen.storyboard */ = {
			isa = PBXVariantGroup;
			children = (
				EA21ED481E38A2E400A98F70 /* Base */,
			);
			name = LaunchScreen.storyboard;
			sourceTree = "<group>";
		};
/* End PBXVariantGroup section */

/* Begin XCBuildConfiguration section */
		EA21ED4B1E38A2E400A98F70 /* Debug */ = {
			isa = XCBuildConfiguration;
			buildSettings = {
				ALWAYS_SEARCH_USER_PATHS = NO;
				CLANG_ANALYZER_NONNULL = YES;
				CLANG_CXX_LANGUAGE_STANDARD = "gnu++0x";
				CLANG_CXX_LIBRARY = "libc++";
				CLANG_ENABLE_MODULES = YES;
				CLANG_ENABLE_OBJC_ARC = YES;
				CLANG_WARN_BOOL_CONVERSION = YES;
				CLANG_WARN_CONSTANT_CONVERSION = YES;
				CLANG_WARN_DIRECT_OBJC_ISA_USAGE = YES_ERROR;
				CLANG_WARN_DOCUMENTATION_COMMENTS = YES;
				CLANG_WARN_EMPTY_BODY = YES;
				CLANG_WARN_ENUM_CONVERSION = YES;
				CLANG_WARN_INFINITE_RECURSION = YES;
				CLANG_WARN_INT_CONVERSION = YES;
				CLANG_WARN_OBJC_ROOT_CLASS = YES_ERROR;
				CLANG_WARN_SUSPICIOUS_MOVE = YES;
				CLANG_WARN_UNREACHABLE_CODE = YES;
				CLANG_WARN__DUPLICATE_METHOD_MATCH = YES;
				"CODE_SIGN_IDENTITY[sdk=iphoneos*]" = "iPhone Developer";
				COPY_PHASE_STRIP = NO;
				DEBUG_INFORMATION_FORMAT = dwarf;
				ENABLE_STRICT_OBJC_MSGSEND = YES;
				ENABLE_TESTABILITY = YES;
				GCC_C_LANGUAGE_STANDARD = gnu99;
				GCC_DYNAMIC_NO_PIC = NO;
				GCC_NO_COMMON_BLOCKS = YES;
				GCC_OPTIMIZATION_LEVEL = 0;
				GCC_PREPROCESSOR_DEFINITIONS = (
					"DEBUG=1",
					"$(inherited)",
				);
				GCC_WARN_64_TO_32_BIT_CONVERSION = YES;
				GCC_WARN_ABOUT_RETURN_TYPE = YES_ERROR;
				GCC_WARN_UNDECLARED_SELECTOR = YES;
				GCC_WARN_UNINITIALIZED_AUTOS = YES_AGGRESSIVE;
				GCC_WARN_UNUSED_FUNCTION = YES;
				GCC_WARN_UNUSED_VARIABLE = YES;
				IPHONEOS_DEPLOYMENT_TARGET = 10.2;
				MTL_ENABLE_DEBUG_INFO = YES;
				ONLY_ACTIVE_ARCH = YES;
				SDKROOT = iphoneos;
				SWIFT_ACTIVE_COMPILATION_CONDITIONS = DEBUG;
				SWIFT_OPTIMIZATION_LEVEL = "-Onone";
				TARGETED_DEVICE_FAMILY = "1,2";
			};
			name = Debug;
		};
		EA21ED4C1E38A2E400A98F70 /* Release */ = {
			isa = XCBuildConfiguration;
			buildSettings = {
				ALWAYS_SEARCH_USER_PATHS = NO;
				CLANG_ANALYZER_NONNULL = YES;
				CLANG_CXX_LANGUAGE_STANDARD = "gnu++0x";
				CLANG_CXX_LIBRARY = "libc++";
				CLANG_ENABLE_MODULES = YES;
				CLANG_ENABLE_OBJC_ARC = YES;
				CLANG_WARN_BOOL_CONVERSION = YES;
				CLANG_WARN_CONSTANT_CONVERSION = YES;
				CLANG_WARN_DIRECT_OBJC_ISA_USAGE = YES_ERROR;
				CLANG_WARN_DOCUMENTATION_COMMENTS = YES;
				CLANG_WARN_EMPTY_BODY = YES;
				CLANG_WARN_ENUM_CONVERSION = YES;
				CLANG_WARN_INFINITE_RECURSION = YES;
				CLANG_WARN_INT_CONVERSION = YES;
				CLANG_WARN_OBJC_ROOT_CLASS = YES_ERROR;
				CLANG_WARN_SUSPICIOUS_MOVE = YES;
				CLANG_WARN_UNREACHABLE_CODE = YES;
				CLANG_WARN__DUPLICATE_METHOD_MATCH = YES;
				"CODE_SIGN_IDENTITY[sdk=iphoneos*]" = "iPhone Developer";
				COPY_PHASE_STRIP = NO;
				DEBUG_INFORMATION_FORMAT = "dwarf-with-dsym";
				ENABLE_NS_ASSERTIONS = NO;
				ENABLE_STRICT_OBJC_MSGSEND = YES;
				GCC_C_LANGUAGE_STANDARD = gnu99;
				GCC_NO_COMMON_BLOCKS = YES;
				GCC_WARN_64_TO_32_BIT_CONVERSION = YES;
				GCC_WARN_ABOUT_RETURN_TYPE = YES_ERROR;
				GCC_WARN_UNDECLARED_SELECTOR = YES;
				GCC_WARN_UNINITIALIZED_AUTOS = YES_AGGRESSIVE;
				GCC_WARN_UNUSED_FUNCTION = YES;
				GCC_WARN_UNUSED_VARIABLE = YES;
				IPHONEOS_DEPLOYMENT_TARGET = 10.2;
				MTL_ENABLE_DEBUG_INFO = NO;
				SDKROOT = iphoneos;
				SWIFT_OPTIMIZATION_LEVEL = "-Owholemodule";
				TARGETED_DEVICE_FAMILY = "1,2";
				VALIDATE_PRODUCT = YES;
			};
			name = Release;
		};
		EA21ED4E1E38A2E400A98F70 /* Debug */ = {
			isa = XCBuildConfiguration;
			buildSettings = {
				ASSETCATALOG_COMPILER_APPICON_NAME = AppIcon;
				DEVELOPMENT_TEAM = 4BVAVX4E5Z;
				INFOPLIST_FILE = ListYourDreams/Info.plist;
				IPHONEOS_DEPLOYMENT_TARGET = 10.0;
				LD_RUNPATH_SEARCH_PATHS = "$(inherited) @executable_path/Frameworks";
				PRODUCT_BUNDLE_IDENTIFIER = com.mcgtrt.ListYourDreams;
				PRODUCT_NAME = "$(TARGET_NAME)";
				SWIFT_VERSION = 3.0;
			};
			name = Debug;
		};
		EA21ED4F1E38A2E400A98F70 /* Release */ = {
			isa = XCBuildConfiguration;
			buildSettings = {
				ASSETCATALOG_COMPILER_APPICON_NAME = AppIcon;
				DEVELOPMENT_TEAM = 4BVAVX4E5Z;
				INFOPLIST_FILE = ListYourDreams/Info.plist;
				IPHONEOS_DEPLOYMENT_TARGET = 10.0;
				LD_RUNPATH_SEARCH_PATHS = "$(inherited) @executable_path/Frameworks";
				PRODUCT_BUNDLE_IDENTIFIER = com.mcgtrt.ListYourDreams;
				PRODUCT_NAME = "$(TARGET_NAME)";
				SWIFT_VERSION = 3.0;
			};
			name = Release;
		};
/* End XCBuildConfiguration section */

/* Begin XCConfigurationList section */
		EA21ED331E38A2E300A98F70 /* Build configuration list for PBXProject "ListYourDreams" */ = {
			isa = XCConfigurationList;
			buildConfigurations = (
				EA21ED4B1E38A2E400A98F70 /* Debug */,
				EA21ED4C1E38A2E400A98F70 /* Release */,
			);
			defaultConfigurationIsVisible = 0;
			defaultConfigurationName = Release;
		};
		EA21ED4D1E38A2E400A98F70 /* Build configuration list for PBXNativeTarget "ListYourDreams" */ = {
			isa = XCConfigurationList;
			buildConfigurations = (
				EA21ED4E1E38A2E400A98F70 /* Debug */,
				EA21ED4F1E38A2E400A98F70 /* Release */,
			);
			defaultConfigurationIsVisible = 0;
		};
/* End XCConfigurationList section */

/* Begin XCVersionGroup section */
		EA21ED421E38A2E400A98F70 /* ListYourDreams.xcdatamodeld */ = {
			isa = XCVersionGroup;
			children = (
				EA21ED431E38A2E400A98F70 /* ListYourDreams.xcdatamodel */,
			);
			currentVersion = EA21ED431E38A2E400A98F70 /* ListYourDreams.xcdatamodel */;
			path = ListYourDreams.xcdatamodeld;
			sourceTree = "<group>";
			versionGroupType = wrapper.xcdatamodel;
		};
/* End XCVersionGroup section */
	};
	rootObject = EA21ED301E38A2E300A98F70 /* Project object */;
}
